
Microsoft Visual Studio Solution File, Format Version 12.00
# Visual Studio 16
Project("{FAE04EC0-301F-11D3-BF4B-00C04F79EFBC}") = "Assembly-CSharp", "Assembly-CSharp.csproj", "{0FCA1B19-D4F2-A9B6-C936-D6B1302022FB}"
EndProject
Global
	GlobalSection(SolutionConfigurationPlatforms) = preSolution
		Debug|Any CPU = Debug|Any CPU
		Release|Any CPU = Release|Any CPU
	EndGlobalSection
	GlobalSection(ProjectConfigurationPlatforms) = postSolution
		{0FCA1B19-D4F2-A9B6-C936-D6B1302022FB}.Debug|Any CPU.ActiveCfg = Debug|Any CPU
		{0FCA1B19-D4F2-A9B6-C936-D6B1302022FB}.Debug|Any CPU.Build.0 = Debug|Any CPU
		{0FCA1B19-D4F2-A9B6-C936-D6B1302022FB}.Release|Any CPU.ActiveCfg = Release|Any CPU
		{0FCA1B19-D4F2-A9B6-C936-D6B1302022FB}.Release|Any CPU.Build.0 = Release|Any CPU
	EndGlobalSection
	GlobalSection(SolutionProperties) = preSolution
		HideSolutionNode = FALSE
	EndGlobalSection
EndGlobal
